
Microsoft Visual Studio Solution File, Format Version 12.00
# Visual Studio Version 16
VisualStudioVersion = 16.0.31005.135
MinimumVisualStudioVersion = 10.0.40219.1
Project("{FAE04EC0-301F-11D3-BF4B-00C04F79EFBC}") = "GoodDay", "GoodDay\GoodDay.csproj", "{4A36D038-8B45-4B94-8CDE-E98B37A2F658}"
EndProject
Global
	GlobalSection(SolutionConfigurationPlatforms) = preSolution
		Debug|Any CPU = Debug|Any CPU
		Release|Any CPU = Release|Any CPU
	EndGlobalSection
	GlobalSection(ProjectConfigurationPlatforms) = postSolution
		{4A36D038-8B45-4B94-8CDE-E98B37A2F658}.Debug|Any CPU.ActiveCfg = Debug|Any CPU
		{4A36D038-8B45-4B94-8CDE-E98B37A2F658}.Debug|Any CPU.Build.0 = Debug|Any CPU
		{4A36D038-8B45-4B94-8CDE-E98B37A2F658}.Release|Any CPU.ActiveCfg = Release|Any CPU
		{4A36D038-8B45-4B94-8CDE-E98B37A2F658}.Release|Any CPU.Build.0 = Release|Any CPU
	EndGlobalSection
	GlobalSection(SolutionProperties) = preSolution
		HideSolutionNode = FALSE
	EndGlobalSection
	GlobalSection(ExtensibilityGlobals) = postSolution
		SolutionGuid = {8156D9A0-0B5F-47FC-877C-8790C01F95DD}
	EndGlobalSection
EndGlobal
