
Microsoft Visual Studio Solution File, Format Version 12.00
# Visual Studio Version 16
VisualStudioVersion = 16.0.31025.194
MinimumVisualStudioVersion = 10.0.40219.1
Project("{FAE04EC0-301F-11D3-BF4B-00C04F79EFBC}") = "Lecture_10", "Lecture_10\Lecture_10.csproj", "{057012F8-3CB2-419F-A146-90B5BF6190DB}"
EndProject
Global
	GlobalSection(SolutionConfigurationPlatforms) = preSolution
		Debug|Any CPU = Debug|Any CPU
		Release|Any CPU = Release|Any CPU
	EndGlobalSection
	GlobalSection(ProjectConfigurationPlatforms) = postSolution
		{057012F8-3CB2-419F-A146-90B5BF6190DB}.Debug|Any CPU.ActiveCfg = Debug|Any CPU
		{057012F8-3CB2-419F-A146-90B5BF6190DB}.Debug|Any CPU.Build.0 = Debug|Any CPU
		{057012F8-3CB2-419F-A146-90B5BF6190DB}.Release|Any CPU.ActiveCfg = Release|Any CPU
		{057012F8-3CB2-419F-A146-90B5BF6190DB}.Release|Any CPU.Build.0 = Release|Any CPU
	EndGlobalSection
	GlobalSection(SolutionProperties) = preSolution
		HideSolutionNode = FALSE
	EndGlobalSection
	GlobalSection(ExtensibilityGlobals) = postSolution
		SolutionGuid = {EBDB9B16-17EA-4B64-B712-3D0C0E30EA03}
	EndGlobalSection
EndGlobal
